# Generated by pub
# See https://dart.dev/tools/pub/glossary#lockfile
packages:
  archive:
    dependency: transitive
    description:
      name: archive
      sha256: "22600aa1e926be775fa5fe7e6894e7fb3df9efda8891c73f70fb3262399a432d"
      url: "https://pub.flutter-io.cn"
    source: hosted
    version: "3.4.10"
  args:
    dependency: transitive
    description:
      name: args
      sha256: eef6c46b622e0494a36c5a12d10d77fb4e855501a91c1b9ef9339326e58f0596
      url: "https://pub.flutter-io.cn"
    source: hosted
    version: "2.4.2"
  async:
    dependency: transitive
    description:
      name: async
      sha256: "947bfcf187f74dbc5e146c9eb9c0f10c9f8b30743e341481c1e2ed3ecc18c20c"
      url: "https://pub.flutter-io.cn"
    source: hosted
    version: "2.11.0"
  boolean_selector:
    dependency: transitive
    description:
      name: boolean_selector
      sha256: "6cfb5af12253eaf2b368f07bacc5a80d1301a071c73360d746b7f2e32d762c66"
      url: "https://pub.flutter-io.cn"
    source: hosted
    version: "2.1.1"
  characters:
    dependency: transitive
    description:
      name: characters
      sha256: "04a925763edad70e8443c99234dc3328f442e811f1d8fd1a72f1c8ad0f69a605"
      url: "https://pub.flutter-io.cn"
    source: hosted
    version: "1.3.0"
  clock:
    dependency: transitive
    description:
      name: clock
      sha256: cb6d7f03e1de671e34607e909a7213e31d7752be4fb66a86d29fe1eb14bfb5cf
      url: "https://pub.flutter-io.cn"
    source: hosted
    version: "1.1.1"
  collection:
    dependency: transitive
    description:
      name: collection
      sha256: ee67cb0715911d28db6bf4af1026078bd6f0128b07a5f66fb2ed94ec6783c09a
      url: "https://pub.flutter-io.cn"
    source: hosted
    version: "1.18.0"
  common_utils:
    dependency: transitive
    description:
      name: common_utils
      sha256: c26884339b13ff99b0739e56f4b02090c84054ed9dd3a045435cd24e7b99c2c1
      url: "https://pub.flutter-io.cn"
    source: hosted
    version: "2.1.0"
  convert:
    dependency: transitive
    description:
      name: convert
      sha256: "0f08b14755d163f6e2134cb58222dd25ea2a2ee8a195e53983d57c075324d592"
      url: "https://pub.flutter-io.cn"
    source: hosted
    version: "3.1.1"
  crypto:
    dependency: transitive
    description:
      name: crypto
      sha256: ff625774173754681d66daaf4a448684fb04b78f902da9cb3d308c19cc5e8bab
      url: "https://pub.flutter-io.cn"
    source: hosted
    version: "3.0.3"
  csslib:
    dependency: transitive
    description:
      name: csslib
      sha256: "706b5707578e0c1b4b7550f64078f0a0f19dec3f50a178ffae7006b0a9ca58fb"
      url: "https://pub.flutter-io.cn"
    source: hosted
    version: "1.0.0"
  cupertino_icons:
    dependency: "direct main"
    description:
      name: cupertino_icons
      sha256: d57953e10f9f8327ce64a508a355f0b1ec902193f66288e8cb5070e7c47eeb2d
      url: "https://pub.flutter-io.cn"
    source: hosted
    version: "1.0.6"
  dbus:
    dependency: transitive
    description:
      name: dbus
      sha256: "365c771ac3b0e58845f39ec6deebc76e3276aa9922b0cc60840712094d9047ac"
      url: "https://pub.flutter-io.cn"
    source: hosted
    version: "0.7.10"
  decimal:
    dependency: transitive
    description:
      name: decimal
      sha256: "24a261d5d5c87e86c7651c417a5dbdf8bcd7080dd592533910e8d0505a279f21"
      url: "https://pub.flutter-io.cn"
    source: hosted
    version: "2.3.3"
  fake_async:
    dependency: transitive
    description:
      name: fake_async
      sha256: "511392330127add0b769b75a987850d136345d9227c6b94c96a04cf4a391bf78"
      url: "https://pub.flutter-io.cn"
    source: hosted
    version: "1.3.1"
  ffi:
    dependency: transitive
    description:
      name: ffi
      sha256: "7bf0adc28a23d395f19f3f1eb21dd7cfd1dd9f8e1c50051c069122e6853bc878"
      url: "https://pub.flutter-io.cn"
    source: hosted
    version: "2.1.0"
  file:
    dependency: transitive
    description:
      name: file
      sha256: "5fc22d7c25582e38ad9a8515372cd9a93834027aacf1801cf01164dac0ffa08c"
      url: "https://pub.flutter-io.cn"
    source: hosted
    version: "7.0.0"
  flustars:
    dependency: "direct main"
    description:
      name: flustars
      sha256: "7019ab8d68c0d4759ee122644d91a165d450b0492717f9e7e9d0ce277dcf664b"
      url: "https://pub.flutter-io.cn"
    source: hosted
    version: "2.0.1"
  flutter:
    dependency: "direct main"
    description: flutter
    source: sdk
    version: "0.0.0"
  flutter_lints:
    dependency: "direct dev"
    description:
      name: flutter_lints
      sha256: e2a421b7e59244faef694ba7b30562e489c2b489866e505074eb005cd7060db7
      url: "https://pub.flutter-io.cn"
    source: hosted
    version: "3.0.1"
  flutter_test:
    dependency: "direct dev"
    description: flutter
    source: sdk
    version: "0.0.0"
  flutter_web_plugins:
    dependency: transitive
    description: flutter
    source: sdk
    version: "0.0.0"
  get:
    dependency: "direct main"
    description:
      name: get
      sha256: e4e7335ede17452b391ed3b2ede016545706c01a02292a6c97619705e7d2a85e
      url: "https://pub.flutter-io.cn"
    source: hosted
    version: "4.6.6"
  html:
    dependency: transitive
    description:
      name: html
      sha256: "3a7812d5bcd2894edf53dfaf8cd640876cf6cef50a8f238745c8b8120ea74d3a"
      url: "https://pub.flutter-io.cn"
    source: hosted
    version: "0.15.4"
  http:
    dependency: transitive
    description:
      name: http
      sha256: d4872660c46d929f6b8a9ef4e7a7eff7e49bbf0c4ec3f385ee32df5119175139
      url: "https://pub.flutter-io.cn"
    source: hosted
    version: "1.1.2"
  http_parser:
    dependency: transitive
    description:
      name: http_parser
      sha256: "2aa08ce0341cc9b354a498388e30986515406668dbcc4f7c950c3e715496693b"
      url: "https://pub.flutter-io.cn"
    source: hosted
    version: "4.0.2"
  image:
    dependency: transitive
    description:
      name: image
      sha256: "028f61960d56f26414eb616b48b04eb37d700cbe477b7fb09bf1d7ce57fd9271"
      url: "https://pub.flutter-io.cn"
    source: hosted
    version: "4.1.3"
  js:
    dependency: transitive
    description:
      name: js
      sha256: f2c445dce49627136094980615a031419f7f3eb393237e4ecd97ac15dea343f3
      url: "https://pub.flutter-io.cn"
    source: hosted
    version: "0.6.7"
  lint:
    dependency: transitive
    description:
      name: lint
      sha256: "4a539aa34ec5721a2c7574ae2ca0336738ea4adc2a34887d54b7596310b33c85"
      url: "https://pub.flutter-io.cn"
    source: hosted
    version: "1.10.0"
  lints:
    dependency: transitive
    description:
      name: lints
      sha256: cbf8d4b858bb0134ef3ef87841abdf8d63bfc255c266b7bf6b39daa1085c4290
      url: "https://pub.flutter-io.cn"
    source: hosted
    version: "3.0.0"
  logger:
    dependency: "direct main"
    description:
      name: logger
      sha256: "6bbb9d6f7056729537a4309bda2e74e18e5d9f14302489cc1e93f33b3fe32cac"
      url: "https://pub.flutter-io.cn"
    source: hosted
    version: "2.0.2+1"
  matcher:
    dependency: transitive
    description:
      name: matcher
      sha256: "1803e76e6653768d64ed8ff2e1e67bea3ad4b923eb5c56a295c3e634bad5960e"
      url: "https://pub.flutter-io.cn"
    source: hosted
    version: "0.12.16"
  material_color_utilities:
    dependency: transitive
    description:
      name: material_color_utilities
      sha256: "9528f2f296073ff54cb9fee677df673ace1218163c3bc7628093e7eed5203d41"
      url: "https://pub.flutter-io.cn"
    source: hosted
    version: "0.5.0"
  media_kit:
    dependency: transitive
    description:
      name: media_kit
      sha256: "3289062540e3b8b9746e5c50d95bd78a9289826b7227e253dff806d002b9e67a"
      url: "https://pub.flutter-io.cn"
    source: hosted
    version: "1.1.10+1"
  media_kit_libs_android_video:
    dependency: "direct main"
    description:
      name: media_kit_libs_android_video
      sha256: "9dd8012572e4aff47516e55f2597998f0a378e3d588d0fad0ca1f11a53ae090c"
      url: "https://pub.flutter-io.cn"
    source: hosted
    version: "1.3.6"
  media_kit_libs_linux:
    dependency: "direct main"
    description:
      name: media_kit_libs_linux
      sha256: e186891c31daa6bedab4d74dcdb4e8adfccc7d786bfed6ad81fe24a3b3010310
      url: "https://pub.flutter-io.cn"
    source: hosted
    version: "1.1.3"
  media_kit_libs_macos_video:
    dependency: "direct main"
    description:
      name: media_kit_libs_macos_video
      sha256: f26aa1452b665df288e360393758f84b911f70ffb3878032e1aabba23aa1032d
      url: "https://pub.flutter-io.cn"
    source: hosted
    version: "1.1.4"
  media_kit_libs_windows_video:
    dependency: "direct main"
    description:
      name: media_kit_libs_windows_video
      sha256: "7bace5f35d9afcc7f9b5cdadb7541d2191a66bb3fc71bfa11c1395b3360f6122"
      url: "https://pub.flutter-io.cn"
    source: hosted
    version: "1.0.9"
  media_kit_native_event_loop:
    dependency: transitive
    description:
      name: media_kit_native_event_loop
      sha256: a605cf185499d14d58935b8784955a92a4bf0ff4e19a23de3d17a9106303930e
      url: "https://pub.flutter-io.cn"
    source: hosted
    version: "1.0.8"
  media_kit_video:
    dependency: transitive
    description:
      name: media_kit_video
      sha256: c048d11a19e379aebbe810647636e3fc6d18374637e2ae12def4ff8a4b99a882
      url: "https://pub.flutter-io.cn"
    source: hosted
    version: "1.2.4"
  meta:
    dependency: transitive
    description:
      name: meta
      sha256: a6e590c838b18133bb482a2745ad77c5bb7715fb0451209e1a7567d416678b8e
      url: "https://pub.flutter-io.cn"
    source: hosted
    version: "1.10.0"
  package_info_plus:
    dependency: transitive
    description:
      name: package_info_plus
      sha256: "88bc797f44a94814f2213db1c9bd5badebafdfb8290ca9f78d4b9ee2a3db4d79"
      url: "https://pub.flutter-io.cn"
    source: hosted
    version: "5.0.1"
  package_info_plus_platform_interface:
    dependency: transitive
    description:
      name: package_info_plus_platform_interface
      sha256: "9bc8ba46813a4cc42c66ab781470711781940780fd8beddd0c3da62506d3a6c6"
      url: "https://pub.flutter-io.cn"
    source: hosted
    version: "2.0.1"
  path:
    dependency: transitive
    description:
      name: path
      sha256: "8829d8a55c13fc0e37127c29fedf290c102f4e40ae94ada574091fe0ff96c917"
      url: "https://pub.flutter-io.cn"
    source: hosted
    version: "1.8.3"
  path_provider:
    dependency: "direct main"
    description:
      name: path_provider
      sha256: b27217933eeeba8ff24845c34003b003b2b22151de3c908d0e679e8fe1aa078b
      url: "https://pub.flutter-io.cn"
    source: hosted
    version: "2.1.2"
  path_provider_android:
    dependency: transitive
    description:
      name: path_provider_android
      sha256: "477184d672607c0a3bf68fbbf601805f92ef79c82b64b4d6eb318cbca4c48668"
      url: "https://pub.flutter-io.cn"
    source: hosted
    version: "2.2.2"
  path_provider_foundation:
    dependency: transitive
    description:
      name: path_provider_foundation
      sha256: "19314d595120f82aca0ba62787d58dde2cc6b5df7d2f0daf72489e38d1b57f2d"
      url: "https://pub.flutter-io.cn"
    source: hosted
    version: "2.3.1"
  path_provider_linux:
    dependency: transitive
    description:
      name: path_provider_linux
      sha256: f7a1fe3a634fe7734c8d3f2766ad746ae2a2884abe22e241a8b301bf5cac3279
      url: "https://pub.flutter-io.cn"
    source: hosted
    version: "2.2.1"
  path_provider_platform_interface:
    dependency: transitive
    description:
      name: path_provider_platform_interface
      sha256: "88f5779f72ba699763fa3a3b06aa4bf6de76c8e5de842cf6f29e2e06476c2334"
      url: "https://pub.flutter-io.cn"
    source: hosted
    version: "2.1.2"
  path_provider_windows:
    dependency: transitive
    description:
      name: path_provider_windows
      sha256: "8bc9f22eee8690981c22aa7fc602f5c85b497a6fb2ceb35ee5a5e5ed85ad8170"
      url: "https://pub.flutter-io.cn"
    source: hosted
    version: "2.2.1"
  permission_handler:
    dependency: "direct main"
    description:
      name: permission_handler
      sha256: "860c6b871c94c78e202dc69546d4d8fd84bd59faeb36f8fb9888668a53ff4f78"
      url: "https://pub.flutter-io.cn"
    source: hosted
    version: "11.1.0"
  permission_handler_android:
    dependency: transitive
    description:
      name: permission_handler_android
      sha256: "2f1bec180ee2f5665c22faada971a8f024761f632e93ddc23310487df52dcfa6"
      url: "https://pub.flutter-io.cn"
    source: hosted
    version: "12.0.1"
  permission_handler_apple:
    dependency: transitive
    description:
      name: permission_handler_apple
      sha256: "1a816084338ada8d574b1cb48390e6e8b19305d5120fe3a37c98825bacc78306"
      url: "https://pub.flutter-io.cn"
    source: hosted
    version: "9.2.0"
  permission_handler_html:
    dependency: transitive
    description:
      name: permission_handler_html
      sha256: "11b762a8c123dced6461933a88ea1edbbe036078c3f9f41b08886e678e7864df"
      url: "https://pub.flutter-io.cn"
    source: hosted
    version: "0.1.0+2"
  permission_handler_platform_interface:
    dependency: transitive
    description:
      name: permission_handler_platform_interface
      sha256: d87349312f7eaf6ce0adaf668daf700ac5b06af84338bd8b8574dfbd93ffe1a1
      url: "https://pub.flutter-io.cn"
    source: hosted
    version: "4.0.2"
  permission_handler_windows:
    dependency: transitive
    description:
      name: permission_handler_windows
      sha256: "1e8640c1e39121128da6b816d236e714d2cf17fac5a105dd6acdd3403a628004"
      url: "https://pub.flutter-io.cn"
    source: hosted
    version: "0.2.0"
  petitparser:
    dependency: transitive
    description:
      name: petitparser
      sha256: c15605cd28af66339f8eb6fbe0e541bfe2d1b72d5825efc6598f3e0a31b9ad27
      url: "https://pub.flutter-io.cn"
    source: hosted
    version: "6.0.2"
  platform:
    dependency: transitive
    description:
      name: platform
      sha256: "12220bb4b65720483f8fa9450b4332347737cf8213dd2840d8b2c823e47243ec"
      url: "https://pub.flutter-io.cn"
    source: hosted
    version: "3.1.4"
  plugin_platform_interface:
    dependency: transitive
    description:
      name: plugin_platform_interface
      sha256: "4820fbfdb9478b1ebae27888254d445073732dae3d6ea81f0b7e06d5dedc3f02"
      url: "https://pub.flutter-io.cn"
    source: hosted
    version: "2.1.8"
  pointycastle:
    dependency: transitive
    description:
      name: pointycastle
      sha256: "7c1e5f0d23c9016c5bbd8b1473d0d3fb3fc851b876046039509e18e0c7485f2c"
      url: "https://pub.flutter-io.cn"
    source: hosted
    version: "3.7.3"
  rational:
    dependency: transitive
    description:
      name: rational
      sha256: ba58e9e18df9abde280e8b10051e4bce85091e41e8e7e411b6cde2e738d357cf
      url: "https://pub.flutter-io.cn"
    source: hosted
    version: "2.2.2"
  safe_local_storage:
    dependency: transitive
    description:
      name: safe_local_storage
      sha256: ede4eb6cb7d88a116b3d3bf1df70790b9e2038bc37cb19112e381217c74d9440
      url: "https://pub.flutter-io.cn"
    source: hosted
    version: "1.0.2"
  screen_brightness:
    dependency: transitive
    description:
      name: screen_brightness
      sha256: ed8da4a4511e79422fc1aa88138e920e4008cd312b72cdaa15ccb426c0faaedd
      url: "https://pub.flutter-io.cn"
    source: hosted
    version: "0.2.2+1"
  screen_brightness_android:
    dependency: transitive
    description:
      name: screen_brightness_android
      sha256: "3df10961e3a9e968a5e076fe27e7f4741fa8a1d3950bdeb48cf121ed529d0caf"
      url: "https://pub.flutter-io.cn"
    source: hosted
    version: "0.1.0+2"
  screen_brightness_ios:
    dependency: transitive
    description:
      name: screen_brightness_ios
      sha256: "99adc3ca5490b8294284aad5fcc87f061ad685050e03cf45d3d018fe398fd9a2"
      url: "https://pub.flutter-io.cn"
    source: hosted
    version: "0.1.0"
  screen_brightness_macos:
    dependency: transitive
    description:
      name: screen_brightness_macos
      sha256: "64b34e7e3f4900d7687c8e8fb514246845a73ecec05ab53483ed025bd4a899fd"
      url: "https://pub.flutter-io.cn"
    source: hosted
    version: "0.1.0+1"
  screen_brightness_platform_interface:
    dependency: transitive
    description:
      name: screen_brightness_platform_interface
      sha256: b211d07f0c96637a15fb06f6168617e18030d5d74ad03795dd8547a52717c171
      url: "https://pub.flutter-io.cn"
    source: hosted
    version: "0.1.0"
  screen_brightness_windows:
    dependency: transitive
    description:
      name: screen_brightness_windows
      sha256: "9261bf33d0fc2707d8cf16339ce25768100a65e70af0fcabaf032fc12408ba86"
      url: "https://pub.flutter-io.cn"
    source: hosted
    version: "0.1.3"
  screen_retriever:
    dependency: transitive
    description:
      name: screen_retriever
      sha256: "6ee02c8a1158e6dae7ca430da79436e3b1c9563c8cf02f524af997c201ac2b90"
      url: "https://pub.flutter-io.cn"
    source: hosted
    version: "0.1.9"
  shared_preferences:
    dependency: transitive
    description:
      name: shared_preferences
      sha256: "81429e4481e1ccfb51ede496e916348668fd0921627779233bd24cc3ff6abd02"
      url: "https://pub.flutter-io.cn"
    source: hosted
    version: "2.2.2"
  shared_preferences_android:
    dependency: transitive
    description:
      name: shared_preferences_android
      sha256: "8568a389334b6e83415b6aae55378e158fbc2314e074983362d20c562780fb06"
      url: "https://pub.flutter-io.cn"
    source: hosted
    version: "2.2.1"
  shared_preferences_foundation:
    dependency: transitive
    description:
      name: shared_preferences_foundation
      sha256: "7bf53a9f2d007329ee6f3df7268fd498f8373602f943c975598bbb34649b62a7"
      url: "https://pub.flutter-io.cn"
    source: hosted
    version: "2.3.4"
  shared_preferences_linux:
    dependency: transitive
    description:
      name: shared_preferences_linux
      sha256: "9f2cbcf46d4270ea8be39fa156d86379077c8a5228d9dfdb1164ae0bb93f1faa"
      url: "https://pub.flutter-io.cn"
    source: hosted
    version: "2.3.2"
  shared_preferences_platform_interface:
    dependency: transitive
    description:
      name: shared_preferences_platform_interface
      sha256: "22e2ecac9419b4246d7c22bfbbda589e3acf5c0351137d87dd2939d984d37c3b"
      url: "https://pub.flutter-io.cn"
    source: hosted
    version: "2.3.2"
  shared_preferences_web:
    dependency: transitive
    description:
      name: shared_preferences_web
      sha256: "7b15ffb9387ea3e237bb7a66b8a23d2147663d391cafc5c8f37b2e7b4bde5d21"
      url: "https://pub.flutter-io.cn"
    source: hosted
    version: "2.2.2"
  shared_preferences_windows:
    dependency: transitive
    description:
      name: shared_preferences_windows
      sha256: "841ad54f3c8381c480d0c9b508b89a34036f512482c407e6df7a9c4aa2ef8f59"
      url: "https://pub.flutter-io.cn"
    source: hosted
    version: "2.3.2"
  sky_engine:
    dependency: transitive
    description: flutter
    source: sdk
    version: "0.0.99"
  source_span:
    dependency: transitive
    description:
      name: source_span
      sha256: "53e943d4206a5e30df338fd4c6e7a077e02254531b138a15aec3bd143c1a8b3c"
      url: "https://pub.flutter-io.cn"
    source: hosted
    version: "1.10.0"
  sp_util:
    dependency: transitive
    description:
      name: sp_util
      sha256: "9da43dce5de79c17a787d0626bf01538d63090ca32521200d22a232171c495dc"
      url: "https://pub.flutter-io.cn"
    source: hosted
    version: "2.0.3"
  sprintf:
    dependency: transitive
    description:
      name: sprintf
      sha256: "1fc9ffe69d4df602376b52949af107d8f5703b77cda567c4d7d86a0693120f23"
      url: "https://pub.flutter-io.cn"
    source: hosted
    version: "7.0.0"
  stack_trace:
    dependency: transitive
    description:
      name: stack_trace
      sha256: "73713990125a6d93122541237550ee3352a2d84baad52d375a4cad2eb9b7ce0b"
      url: "https://pub.flutter-io.cn"
    source: hosted
    version: "1.11.1"
  stream_channel:
    dependency: transitive
    description:
      name: stream_channel
      sha256: ba2aa5d8cc609d96bbb2899c28934f9e1af5cddbd60a827822ea467161eb54e7
      url: "https://pub.flutter-io.cn"
    source: hosted
    version: "2.1.2"
  string_scanner:
    dependency: transitive
    description:
      name: string_scanner
      sha256: "556692adab6cfa87322a115640c11f13cb77b3f076ddcc5d6ae3c20242bedcde"
      url: "https://pub.flutter-io.cn"
    source: hosted
    version: "1.2.0"
  styled_widget:
    dependency: "direct main"
    description:
      name: styled_widget
      sha256: "4d439802919b6ccf10d1488798656da8804633b03012682dd1c8ca70a084aa84"
      url: "https://pub.flutter-io.cn"
    source: hosted
    version: "0.4.1"
  synchronized:
    dependency: transitive
    description:
      name: synchronized
      sha256: "539ef412b170d65ecdafd780f924e5be3f60032a1128df156adad6c5b373d558"
      url: "https://pub.flutter-io.cn"
    source: hosted
    version: "3.1.0+1"
  term_glyph:
    dependency: transitive
    description:
      name: term_glyph
      sha256: a29248a84fbb7c79282b40b8c72a1209db169a2e0542bce341da992fe1bc7e84
      url: "https://pub.flutter-io.cn"
    source: hosted
    version: "1.2.1"
  test_api:
    dependency: transitive
    description:
      name: test_api
      sha256: "5c2f730018264d276c20e4f1503fd1308dfbbae39ec8ee63c5236311ac06954b"
      url: "https://pub.flutter-io.cn"
    source: hosted
    version: "0.6.1"
  typed_data:
    dependency: transitive
    description:
      name: typed_data
      sha256: facc8d6582f16042dd49f2463ff1bd6e2c9ef9f3d5da3d9b087e244a7b564b3c
      url: "https://pub.flutter-io.cn"
    source: hosted
    version: "1.3.2"
  universal_platform:
    dependency: transitive
    description:
      name: universal_platform
      sha256: d315be0f6641898b280ffa34e2ddb14f3d12b1a37882557869646e0cc363d0cc
      url: "https://pub.flutter-io.cn"
    source: hosted
    version: "1.0.0+1"
  uri_parser:
    dependency: transitive
    description:
      name: uri_parser
      sha256: "6543c9fd86d2862fac55d800a43e67c0dcd1a41677cb69c2f8edfe73bbcf1835"
      url: "https://pub.flutter-io.cn"
    source: hosted
    version: "2.0.2"
  uuid:
    dependency: transitive
    description:
      name: uuid
      sha256: "8c951c9cb6504b2aa6b3666e6de504032d9baec24bf4cbabd3eea9edd73d4d77"
      url: "https://pub.flutter-io.cn"
    source: hosted
    version: "4.3.2"
  vector_math:
    dependency: transitive
    description:
      name: vector_math
      sha256: "80b3257d1492ce4d091729e3a67a60407d227c27241d6927be0130c98e741803"
      url: "https://pub.flutter-io.cn"
    source: hosted
    version: "2.1.4"
  video_player:
    dependency: "direct main"
    description:
      name: video_player
      sha256: fbf28ce8bcfe709ad91b5789166c832cb7a684d14f571a81891858fefb5bb1c2
      url: "https://pub.flutter-io.cn"
    source: hosted
    version: "2.8.2"
  video_player_android:
    dependency: transitive
    description:
      name: video_player_android
      sha256: "7f8f25d7ad56819a82b2948357f3c3af071f6a678db33833b26ec36bbc221316"
      url: "https://pub.flutter-io.cn"
    source: hosted
    version: "2.4.11"
  video_player_avfoundation:
    dependency: transitive
    description:
      name: video_player_avfoundation
      sha256: "752b783a00748684312dd6a68e22f795281d295921e69ae5ad36f90b7fb39cdb"
      url: "https://pub.flutter-io.cn"
    source: hosted
    version: "2.5.5"
  video_player_media_kit:
    dependency: "direct main"
    description:
      name: video_player_media_kit
      sha256: eadf78b85d0ecc6f65bb5ca84c5ad9546a8609c6c0ee207e81673f7969461f3b
      url: "https://pub.flutter-io.cn"
    source: hosted
    version: "1.0.5"
  video_player_platform_interface:
    dependency: transitive
    description:
      name: video_player_platform_interface
      sha256: "236454725fafcacf98f0f39af0d7c7ab2ce84762e3b63f2cbb3ef9a7e0550bc6"
      url: "https://pub.flutter-io.cn"
    source: hosted
    version: "6.2.2"
  video_player_web:
    dependency: transitive
    description:
      name: video_player_web
      sha256: "34beb3a07d4331a24f7e7b2f75b8e2b103289038e07e65529699a671b6a6e2cb"
      url: "https://pub.flutter-io.cn"
    source: hosted
    version: "2.1.3"
  volume_controller:
    dependency: transitive
    description:
      name: volume_controller
      sha256: "189bdc7a554f476b412e4c8b2f474562b09d74bc458c23667356bce3ca1d48c9"
      url: "https://pub.flutter-io.cn"
    source: hosted
    version: "2.0.7"
  wakelock_plus:
    dependency: transitive
    description:
      name: wakelock_plus
      sha256: f268ca2116db22e57577fb99d52515a24bdc1d570f12ac18bb762361d43b043d
      url: "https://pub.flutter-io.cn"
    source: hosted
    version: "1.1.4"
  wakelock_plus_platform_interface:
    dependency: transitive
    description:
      name: wakelock_plus_platform_interface
      sha256: "40fabed5da06caff0796dc638e1f07ee395fb18801fbff3255a2372db2d80385"
      url: "https://pub.flutter-io.cn"
    source: hosted
    version: "1.1.0"
  web:
    dependency: transitive
    description:
      name: web
      sha256: afe077240a270dcfd2aafe77602b4113645af95d0ad31128cc02bce5ac5d5152
      url: "https://pub.flutter-io.cn"
    source: hosted
    version: "0.3.0"
  webview_flutter:
    dependency: "direct main"
    description:
      name: webview_flutter
      sha256: "71e1bfaef41016c8d5954291df5e9f8c6172f1f6ff3af01b5656456ddb11f94c"
      url: "https://pub.flutter-io.cn"
    source: hosted
    version: "4.4.4"
  webview_flutter_android:
    dependency: transitive
    description:
      name: webview_flutter_android
      sha256: "161af93c2abaf94ef2192bffb53a3658b2d721a3bf99b69aa1e47814ee18cc96"
      url: "https://pub.flutter-io.cn"
    source: hosted
    version: "3.13.2"
  webview_flutter_platform_interface:
    dependency: transitive
    description:
      name: webview_flutter_platform_interface
      sha256: "80b40ae4fb959957eef9fa8970b6c9accda9f49fc45c2b75154696a8e8996cfe"
      url: "https://pub.flutter-io.cn"
    source: hosted
    version: "2.9.1"
  webview_flutter_wkwebview:
    dependency: transitive
    description:
      name: webview_flutter_wkwebview
      sha256: "02d8f3ebbc842704b2b662377b3ee11c0f8f1bbaa8eab6398262f40049819160"
      url: "https://pub.flutter-io.cn"
    source: hosted
    version: "3.10.1"
  win32:
    dependency: transitive
    description:
      name: win32
      sha256: "464f5674532865248444b4c3daca12bd9bf2d7c47f759ce2617986e7229494a8"
      url: "https://pub.flutter-io.cn"
    source: hosted
    version: "5.2.0"
  window_manager:
    dependency: "direct main"
    description:
      name: window_manager
      sha256: dcc865277f26a7dad263a47d0e405d77e21f12cb71f30333a52710a408690bd7
      url: "https://pub.flutter-io.cn"
    source: hosted
    version: "0.3.7"
  xdg_directories:
    dependency: transitive
    description:
      name: xdg_directories
      sha256: faea9dee56b520b55a566385b84f2e8de55e7496104adada9962e0bd11bcff1d
      url: "https://pub.flutter-io.cn"
    source: hosted
    version: "1.0.4"
  xml:
    dependency: transitive
    description:
      name: xml
      sha256: b015a8ad1c488f66851d762d3090a21c600e479dc75e68328c52774040cf9226
      url: "https://pub.flutter-io.cn"
    source: hosted
    version: "6.5.0"
sdks:
  dart: ">=3.2.3 <4.0.0"
  flutter: ">=3.16.0"
